
Microsoft Visual Studio Solution File, Format Version 12.00
# Visual Studio 15
VisualStudioVersion = 15.0.27703.2026
MinimumVisualStudioVersion = 10.0.40219.1
Project("{FAE04EC0-301F-11D3-BF4B-00C04F79EFBC}") = "PCM", "PCM\PCM.csproj", "{6D1A2DB9-E545-4E74-9BDA-A364BEC937E4}"
EndProject
Global
	GlobalSection(SolutionConfigurationPlatforms) = preSolution
		Debug|Any CPU = Debug|Any CPU
		Release|Any CPU = Release|Any CPU
	EndGlobalSection
	GlobalSection(ProjectConfigurationPlatforms) = postSolution
		{6D1A2DB9-E545-4E74-9BDA-A364BEC937E4}.Debug|Any CPU.ActiveCfg = Debug|Any CPU
		{6D1A2DB9-E545-4E74-9BDA-A364BEC937E4}.Debug|Any CPU.Build.0 = Debug|Any CPU
		{6D1A2DB9-E545-4E74-9BDA-A364BEC937E4}.Release|Any CPU.ActiveCfg = Release|Any CPU
		{6D1A2DB9-E545-4E74-9BDA-A364BEC937E4}.Release|Any CPU.Build.0 = Release|Any CPU
	EndGlobalSection
	GlobalSection(SolutionProperties) = preSolution
		HideSolutionNode = FALSE
	EndGlobalSection
	GlobalSection(ExtensibilityGlobals) = postSolution
		SolutionGuid = {C5542145-35DB-4C88-8B94-E536FFF1DD89}
	EndGlobalSection
EndGlobal
